// !$*UTF8*$!
{
	archiveVersion = 1;
	classes = {
	};
	objectVersion = 46;
	objects = {

/* Begin PBXAggregateTarget section */
		1349546E192CB59C00B9C569 /* libBeagle-ios */ = {
			isa = PBXAggregateTarget;
			buildConfigurationList = 13495476192CB59C00B9C569 /* Build configuration list for PBXAggregateTarget "libBeagle-ios" */;
			buildPhases = (
				13495475192CB59C00B9C569 /* lipo and codesign */,
			);
			dependencies = (
				13495471192CB59C00B9C569 /* PBXTargetDependency */,
				13495473192CB59C00B9C569 /* PBXTargetDependency */,
			);
			name = "libBeagle-ios";
			productName = "libBeagle-all";
		};
		13F911A4192CAAE300E6423F /* All */ = {
			isa = PBXAggregateTarget;
			buildConfigurationList = 13F911A5192CAAE300E6423F /* Build configuration list for PBXAggregateTarget "All" */;
			buildPhases = (
			);
			dependencies = (
				1349547A192CB5B400B9C569 /* PBXTargetDependency */,
				13F911A9192CAAF100E6423F /* PBXTargetDependency */,
			);
			name = All;
			productName = "libBeagle-all";
		};
/* End PBXAggregateTarget section */

/* Begin PBXBuildFile section */
		13495465192CAFEE00B9C569 /* RHObjectiveBeagle.h in Headers */ = {isa = PBXBuildFile; fileRef = 13C970C6192C149F00CC2A9B /* RHObjectiveBeagle.h */; };
		13495469192CB02D00B9C569 /* Foundation.framework in Frameworks */ = {isa = PBXBuildFile; fileRef = 13495468192CB02D00B9C569 /* Foundation.framework */; };
		1349546B192CB03700B9C569 /* Foundation.framework in Frameworks */ = {isa = PBXBuildFile; fileRef = 1349546A192CB03700B9C569 /* Foundation.framework */; };
		1349546C192CB03E00B9C569 /* Foundation.framework in Frameworks */ = {isa = PBXBuildFile; fileRef = 1349546A192CB03700B9C569 /* Foundation.framework */; };
		13C69B44192C9C870012C8D1 /* RHObjectiveBeagle.m in Sources */ = {isa = PBXBuildFile; fileRef = 13C970C7192C149F00CC2A9B /* RHObjectiveBeagle.m */; };
		13C970C8192C149F00CC2A9B /* RHObjectiveBeagle.h in Headers */ = {isa = PBXBuildFile; fileRef = 13C970C6192C149F00CC2A9B /* RHObjectiveBeagle.h */; };
		13C970C9192C149F00CC2A9B /* RHObjectiveBeagle.m in Sources */ = {isa = PBXBuildFile; fileRef = 13C970C7192C149F00CC2A9B /* RHObjectiveBeagle.m */; };
		13F9119B192CAA5000E6423F /* RHObjectiveBeagle.m in Sources */ = {isa = PBXBuildFile; fileRef = 13C970C7192C149F00CC2A9B /* RHObjectiveBeagle.m */; };
		13F9119F192CAA5000E6423F /* RHObjectiveBeagle.h in Headers */ = {isa = PBXBuildFile; fileRef = 13C970C6192C149F00CC2A9B /* RHObjectiveBeagle.h */; };
/* End PBXBuildFile section */

/* Begin PBXContainerItemProxy section */
		13495472192CB59C00B9C569 /* PBXContainerItemProxy */ = {
			isa = PBXContainerItemProxy;
			containerPortal = 13C97094192C13BF00CC2A9B /* Project object */;
			proxyType = 1;
			remoteGlobalIDString = 13C69B42192C9C870012C8D1;
			remoteInfo = "libBeagle-ios";
		};
		13495474192CB59C00B9C569 /* PBXContainerItemProxy */ = {
			isa = PBXContainerItemProxy;
			containerPortal = 13C97094192C13BF00CC2A9B /* Project object */;
			proxyType = 1;
			remoteGlobalIDString = 13F91199192CAA5000E6423F;
			remoteInfo = "libBeagle-sim";
		};
		13495479192CB5B400B9C569 /* PBXContainerItemProxy */ = {
			isa = PBXContainerItemProxy;
			containerPortal = 13C97094192C13BF00CC2A9B /* Project object */;
			proxyType = 1;
			remoteGlobalIDString = 1349546E192CB59C00B9C569;
			remoteInfo = "libBeagle-ios";
		};
		13F911A8192CAAF100E6423F /* PBXContainerItemProxy */ = {
			isa = PBXContainerItemProxy;
			containerPortal = 13C97094192C13BF00CC2A9B /* Project object */;
			proxyType = 1;
			remoteGlobalIDString = 13C9709B192C13BF00CC2A9B;
			remoteInfo = libBeagle;
		};
/* End PBXContainerItemProxy section */

/* Begin PBXFileReference section */
		13495468192CB02D00B9C569 /* Foundation.framework */ = {isa = PBXFileReference; lastKnownFileType = wrapper.framework; name = Foundation.framework; path = System/Library/Frameworks/Foundation.framework; sourceTree = SDKROOT; };
		1349546A192CB03700B9C569 /* Foundation.framework */ = {isa = PBXFileReference; lastKnownFileType = wrapper.framework; name = Foundation.framework; path = Platforms/iPhoneOS.platform/Developer/SDKs/iPhoneOS7.1.sdk/System/Library/Frameworks/Foundation.framework; sourceTree = DEVELOPER_DIR; };
		13567B74192CBD0D00A53AC7 /* CoreGraphics.framework */ = {isa = PBXFileReference; lastKnownFileType = wrapper.framework; name = CoreGraphics.framework; path = System/Library/Frameworks/CoreGraphics.framework; sourceTree = SDKROOT; };
		13567B76192CBD0D00A53AC7 /* UIKit.framework */ = {isa = PBXFileReference; lastKnownFileType = wrapper.framework; name = UIKit.framework; path = Library/Frameworks/UIKit.framework; sourceTree = DEVELOPER_DIR; };
		13567B91192CBD0D00A53AC7 /* XCTest.framework */ = {isa = PBXFileReference; lastKnownFileType = wrapper.framework; name = XCTest.framework; path = Library/Frameworks/XCTest.framework; sourceTree = DEVELOPER_DIR; };
		13C69B4C192C9C870012C8D1 /* libBeagle-iphoneos.dylib */ = {isa = PBXFileReference; explicitFileType = "compiled.mach-o.dylib"; includeInIndex = 0; path = "libBeagle-iphoneos.dylib"; sourceTree = BUILT_PRODUCTS_DIR; };
		13C9709C192C13BF00CC2A9B /* libBeagle.dylib */ = {isa = PBXFileReference; explicitFileType = "compiled.mach-o.dylib"; includeInIndex = 0; path = libBeagle.dylib; sourceTree = BUILT_PRODUCTS_DIR; };
		13C970C6192C149F00CC2A9B /* RHObjectiveBeagle.h */ = {isa = PBXFileReference; fileEncoding = 4; lastKnownFileType = sourcecode.c.h; path = RHObjectiveBeagle.h; sourceTree = SOURCE_ROOT; };
		13C970C7192C149F00CC2A9B /* RHObjectiveBeagle.m */ = {isa = PBXFileReference; fileEncoding = 4; lastKnownFileType = sourcecode.c.objc; path = RHObjectiveBeagle.m; sourceTree = SOURCE_ROOT; };
		13F911A3192CAA5000E6423F /* libBeagle-iphonesimulator.dylib */ = {isa = PBXFileReference; explicitFileType = "compiled.mach-o.dylib"; includeInIndex = 0; path = "libBeagle-iphonesimulator.dylib"; sourceTree = BUILT_PRODUCTS_DIR; };
/* End PBXFileReference section */

/* Begin PBXFrameworksBuildPhase section */
		13C69B45192C9C870012C8D1 /* Frameworks */ = {
			isa = PBXFrameworksBuildPhase;
			buildActionMask = 2147483647;
			files = (
				1349546B192CB03700B9C569 /* Foundation.framework in Frameworks */,
			);
			runOnlyForDeploymentPostprocessing = 0;
		};
		13C97099192C13BF00CC2A9B /* Frameworks */ = {
			isa = PBXFrameworksBuildPhase;
			buildActionMask = 2147483647;
			files = (
				13495469192CB02D00B9C569 /* Foundation.framework in Frameworks */,
			);
			runOnlyForDeploymentPostprocessing = 0;
		};
		13F9119C192CAA5000E6423F /* Frameworks */ = {
			isa = PBXFrameworksBuildPhase;
			buildActionMask = 2147483647;
			files = (
				1349546C192CB03E00B9C569 /* Foundation.framework in Frameworks */,
			);
			runOnlyForDeploymentPostprocessing = 0;
		};
/* End PBXFrameworksBuildPhase section */

/* Begin PBXGroup section */
		13C97093192C13BF00CC2A9B = {
			isa = PBXGroup;
			children = (
				13C970A5192C13BF00CC2A9B /* ObjectiveBeagle */,
				13C9709E192C13BF00CC2A9B /* Frameworks */,
				13C9709D192C13BF00CC2A9B /* Products */,
			);
			sourceTree = "<group>";
		};
		13C9709D192C13BF00CC2A9B /* Products */ = {
			isa = PBXGroup;
			children = (
				13C9709C192C13BF00CC2A9B /* libBeagle.dylib */,
				13C69B4C192C9C870012C8D1 /* libBeagle-iphoneos.dylib */,
				13F911A3192CAA5000E6423F /* libBeagle-iphonesimulator.dylib */,
			);
			name = Products;
			sourceTree = "<group>";
		};
		13C9709E192C13BF00CC2A9B /* Frameworks */ = {
			isa = PBXGroup;
			children = (
				1349546A192CB03700B9C569 /* Foundation.framework */,
				13495468192CB02D00B9C569 /* Foundation.framework */,
				13567B74192CBD0D00A53AC7 /* CoreGraphics.framework */,
				13567B76192CBD0D00A53AC7 /* UIKit.framework */,
				13567B91192CBD0D00A53AC7 /* XCTest.framework */,
			);
			name = Frameworks;
			sourceTree = "<group>";
		};
		13C970A5192C13BF00CC2A9B /* ObjectiveBeagle */ = {
			isa = PBXGroup;
			children = (
				13C970C6192C149F00CC2A9B /* RHObjectiveBeagle.h */,
				13C970C7192C149F00CC2A9B /* RHObjectiveBeagle.m */,
				13C970A6192C13BF00CC2A9B /* Supporting Files */,
			);
			path = ObjectiveBeagle;
			sourceTree = "<group>";
		};
		13C970A6192C13BF00CC2A9B /* Supporting Files */ = {
			isa = PBXGroup;
			children = (
			);
			name = "Supporting Files";
			sourceTree = "<group>";
		};
/* End PBXGroup section */

/* Begin PBXHeadersBuildPhase section */
		13C69B47192C9C870012C8D1 /* Headers */ = {
			isa = PBXHeadersBuildPhase;
			buildActionMask = 2147483647;
			files = (
				13495465192CAFEE00B9C569 /* RHObjectiveBeagle.h in Headers */,
			);
			runOnlyForDeploymentPostprocessing = 0;
		};
		13C9709A192C13BF00CC2A9B /* Headers */ = {
			isa = PBXHeadersBuildPhase;
			buildActionMask = 2147483647;
			files = (
				13C970C8192C149F00CC2A9B /* RHObjectiveBeagle.h in Headers */,
			);
			runOnlyForDeploymentPostprocessing = 0;
		};
		13F9119E192CAA5000E6423F /* Headers */ = {
			isa = PBXHeadersBuildPhase;
			buildActionMask = 2147483647;
			files = (
				13F9119F192CAA5000E6423F /* RHObjectiveBeagle.h in Headers */,
			);
			runOnlyForDeploymentPostprocessing = 0;
		};
/* End PBXHeadersBuildPhase section */

/* Begin PBXNativeTarget section */
		13C69B42192C9C870012C8D1 /* libBeagle-iphoneos */ = {
			isa = PBXNativeTarget;
			buildConfigurationList = 13C69B49192C9C870012C8D1 /* Build configuration list for PBXNativeTarget "libBeagle-iphoneos" */;
			buildPhases = (
				13C69B43192C9C870012C8D1 /* Sources */,
				13C69B45192C9C870012C8D1 /* Frameworks */,
				13C69B47192C9C870012C8D1 /* Headers */,
			);
			buildRules = (
			);
			dependencies = (
			);
			name = "libBeagle-iphoneos";
			productName = ObjectiveBeagle;
			productReference = 13C69B4C192C9C870012C8D1 /* libBeagle-iphoneos.dylib */;
			productType = "com.apple.product-type.library.dynamic";
		};
		13C9709B192C13BF00CC2A9B /* libBeagle */ = {
			isa = PBXNativeTarget;
			buildConfigurationList = 13C970C0192C13BF00CC2A9B /* Build configuration list for PBXNativeTarget "libBeagle" */;
			buildPhases = (
				13C97098192C13BF00CC2A9B /* Sources */,
				13C97099192C13BF00CC2A9B /* Frameworks */,
				13C9709A192C13BF00CC2A9B /* Headers */,
			);
			buildRules = (
			);
			dependencies = (
			);
			name = libBeagle;
			productName = ObjectiveBeagle;
			productReference = 13C9709C192C13BF00CC2A9B /* libBeagle.dylib */;
			productType = "com.apple.product-type.library.dynamic";
		};
		13F91199192CAA5000E6423F /* libBeagle-iphonesimulator */ = {
			isa = PBXNativeTarget;
			buildConfigurationList = 13F911A0192CAA5000E6423F /* Build configuration list for PBXNativeTarget "libBeagle-iphonesimulator" */;
			buildPhases = (
				13F9119A192CAA5000E6423F /* Sources */,
				13F9119C192CAA5000E6423F /* Frameworks */,
				13F9119E192CAA5000E6423F /* Headers */,
			);
			buildRules = (
			);
			dependencies = (
			);
			name = "libBeagle-iphonesimulator";
			productName = ObjectiveBeagle;
			productReference = 13F911A3192CAA5000E6423F /* libBeagle-iphonesimulator.dylib */;
			productType = "com.apple.product-type.library.dynamic";
		};
/* End PBXNativeTarget section */

/* Begin PBXProject section */
		13C97094192C13BF00CC2A9B /* Project object */ = {
			isa = PBXProject;
			attributes = {
				LastUpgradeCheck = 0510;
				ORGANIZATIONNAME = "Richard Heard";
			};
			buildConfigurationList = 13C97097192C13BF00CC2A9B /* Build configuration list for PBXProject "ObjectiveBeagle" */;
			compatibilityVersion = "Xcode 3.2";
			developmentRegion = English;
			hasScannedForEncodings = 0;
			knownRegions = (
				en,
				Base,
			);
			mainGroup = 13C97093192C13BF00CC2A9B;
			productRefGroup = 13C9709D192C13BF00CC2A9B /* Products */;
			projectDirPath = "";
			projectRoot = "";
			targets = (
				13F911A4192CAAE300E6423F /* All */,
				13C9709B192C13BF00CC2A9B /* libBeagle */,
				1349546E192CB59C00B9C569 /* libBeagle-ios */,
				13C69B42192C9C870012C8D1 /* libBeagle-iphoneos */,
				13F91199192CAA5000E6423F /* libBeagle-iphonesimulator */,
			);
		};
/* End PBXProject section */

/* Begin PBXShellScriptBuildPhase section */
		13495475192CB59C00B9C569 /* lipo and codesign */ = {
			isa = PBXShellScriptBuildPhase;
			buildActionMask = 2147483647;
			files = (
			);
			inputPaths = (
			);
			name = "lipo and codesign";
			outputPaths = (
			);
			runOnlyForDeploymentPostprocessing = 0;
			shellPath = /bin/sh;
			shellScript = "cd $BUILT_PRODUCTS_DIR\n\nlipo -create libBeagle-iphoneos.dylib libBeagle-iphonesimulator.dylib -output libBeagle-ios.dylib\n\nrm libBeagle-iphoneos.dylib\nrm libBeagle-iphonesimulator.dylib\ncodesign -s \"$CODE_SIGN_IDENTITY\" libBeagle-ios.dylib\n\nopen .";
		};
/* End PBXShellScriptBuildPhase section */

/* Begin PBXSourcesBuildPhase section */
		13C69B43192C9C870012C8D1 /* Sources */ = {
			isa = PBXSourcesBuildPhase;
			buildActionMask = 2147483647;
			files = (
				13C69B44192C9C870012C8D1 /* RHObjectiveBeagle.m in Sources */,
			);
			runOnlyForDeploymentPostprocessing = 0;
		};
		13C97098192C13BF00CC2A9B /* Sources */ = {
			isa = PBXSourcesBuildPhase;
			buildActionMask = 2147483647;
			files = (
				13C970C9192C149F00CC2A9B /* RHObjectiveBeagle.m in Sources */,
			);
			runOnlyForDeploymentPostprocessing = 0;
		};
		13F9119A192CAA5000E6423F /* Sources */ = {
			isa = PBXSourcesBuildPhase;
			buildActionMask = 2147483647;
			files = (
				13F9119B192CAA5000E6423F /* RHObjectiveBeagle.m in Sources */,
			);
			runOnlyForDeploymentPostprocessing = 0;
		};
/* End PBXSourcesBuildPhase section */

/* Begin PBXTargetDependency section */
		13495471192CB59C00B9C569 /* PBXTargetDependency */ = {
			isa = PBXTargetDependency;
			target = 13C69B42192C9C870012C8D1 /* libBeagle-iphoneos */;
			targetProxy = 13495472192CB59C00B9C569 /* PBXContainerItemProxy */;
		};
		13495473192CB59C00B9C569 /* PBXTargetDependency */ = {
			isa = PBXTargetDependency;
			target = 13F91199192CAA5000E6423F /* libBeagle-iphonesimulator */;
			targetProxy = 13495474192CB59C00B9C569 /* PBXContainerItemProxy */;
		};
		1349547A192CB5B400B9C569 /* PBXTargetDependency */ = {
			isa = PBXTargetDependency;
			target = 1349546E192CB59C00B9C569 /* libBeagle-ios */;
			targetProxy = 13495479192CB5B400B9C569 /* PBXContainerItemProxy */;
		};
		13F911A9192CAAF100E6423F /* PBXTargetDependency */ = {
			isa = PBXTargetDependency;
			target = 13C9709B192C13BF00CC2A9B /* libBeagle */;
			targetProxy = 13F911A8192CAAF100E6423F /* PBXContainerItemProxy */;
		};
/* End PBXTargetDependency section */

/* Begin XCBuildConfiguration section */
		13495477192CB59C00B9C569 /* Debug */ = {
			isa = XCBuildConfiguration;
			buildSettings = {
				CODE_SIGN_IDENTITY = "iPhone Developer: Richard Heard (6";
				CONFIGURATION_BUILD_DIR = "$(BUILD_DIR)/$(CONFIGURATION)";
				PRODUCT_NAME = "libBeagle-ios";
				SDKROOT = iphoneos;
			};
			name = Debug;
		};
		13495478192CB59C00B9C569 /* Release */ = {
			isa = XCBuildConfiguration;
			buildSettings = {
				CODE_SIGN_IDENTITY = "iPhone Developer: Richard Heard (6";
				CONFIGURATION_BUILD_DIR = "$(BUILD_DIR)/$(CONFIGURATION)";
				PRODUCT_NAME = "libBeagle-ios";
				SDKROOT = iphoneos;
			};
			name = Release;
		};
		13C69B4A192C9C870012C8D1 /* Debug */ = {
			isa = XCBuildConfiguration;
			buildSettings = {
				ARCHS = "$(ARCHS_STANDARD)";
				CLANG_ENABLE_OBJC_ARC = NO;
				CODE_SIGN_IDENTITY = "iPhone Developer: Richard Heard (6";
				CONFIGURATION_BUILD_DIR = "$(BUILD_DIR)/$(CONFIGURATION)";
				DEAD_CODE_STRIPPING = NO;
				DYLIB_COMPATIBILITY_VERSION = 1;
				DYLIB_CURRENT_VERSION = 1;
				GCC_PRECOMPILE_PREFIX_HEADER = YES;
				IPHONEOS_DEPLOYMENT_TARGET = 6.0;
				PRODUCT_NAME = "libBeagle-iphoneos";
				SDKROOT = iphoneos;
				STRIP_INSTALLED_PRODUCT = NO;
				SUPPORTED_PLATFORMS = iphoneos;
				TARGETED_DEVICE_FAMILY = "1,2";
				VALID_ARCHS = "arm64 armv7 armv7s";
			};
			name = Debug;
		};
		13C69B4B192C9C870012C8D1 /* Release */ = {
			isa = XCBuildConfiguration;
			buildSettings = {
				ARCHS = "$(ARCHS_STANDARD)";
				CLANG_ENABLE_OBJC_ARC = NO;
				CODE_SIGN_IDENTITY = "iPhone Developer: Richard Heard (6";
				CONFIGURATION_BUILD_DIR = "$(BUILD_DIR)/$(CONFIGURATION)";
				DEAD_CODE_STRIPPING = NO;
				DYLIB_COMPATIBILITY_VERSION = 1;
				DYLIB_CURRENT_VERSION = 1;
				GCC_PRECOMPILE_PREFIX_HEADER = YES;
				IPHONEOS_DEPLOYMENT_TARGET = 6.0;
				PRODUCT_NAME = "libBeagle-iphoneos";
				SDKROOT = iphoneos;
				STRIP_INSTALLED_PRODUCT = NO;
				SUPPORTED_PLATFORMS = iphoneos;
				TARGETED_DEVICE_FAMILY = "1,2";
				VALID_ARCHS = "arm64 armv7 armv7s";
			};
			name = Release;
		};
		13C970BE192C13BF00CC2A9B /* Debug */ = {
			isa = XCBuildConfiguration;
			buildSettings = {
				ALWAYS_SEARCH_USER_PATHS = NO;
				CLANG_CXX_LANGUAGE_STANDARD = "gnu++0x";
				CLANG_CXX_LIBRARY = "libc++";
				CLANG_ENABLE_MODULES = YES;
				CLANG_ENABLE_OBJC_ARC = NO;
				CLANG_WARN_BOOL_CONVERSION = YES;
				CLANG_WARN_CONSTANT_CONVERSION = YES;
				CLANG_WARN_DIRECT_OBJC_ISA_USAGE = YES_ERROR;
				CLANG_WARN_EMPTY_BODY = YES;
				CLANG_WARN_ENUM_CONVERSION = YES;
				CLANG_WARN_INT_CONVERSION = YES;
				CLANG_WARN_OBJC_ROOT_CLASS = YES_ERROR;
				CLANG_WARN__DUPLICATE_METHOD_MATCH = YES;
				COPY_PHASE_STRIP = NO;
				DEBUG_INFORMATION_FORMAT = dwarf;
				GCC_C_LANGUAGE_STANDARD = gnu99;
				GCC_DYNAMIC_NO_PIC = NO;
				GCC_ENABLE_OBJC_EXCEPTIONS = YES;
				GCC_OPTIMIZATION_LEVEL = 0;
				GCC_PREPROCESSOR_DEFINITIONS = (
					"DEBUG=1",
					"$(inherited)",
				);
				GCC_SYMBOLS_PRIVATE_EXTERN = NO;
				GCC_WARN_64_TO_32_BIT_CONVERSION = YES;
				GCC_WARN_ABOUT_RETURN_TYPE = YES_ERROR;
				GCC_WARN_UNDECLARED_SELECTOR = YES;
				GCC_WARN_UNINITIALIZED_AUTOS = YES_AGGRESSIVE;
				GCC_WARN_UNUSED_FUNCTION = YES;
				GCC_WARN_UNUSED_VARIABLE = YES;
				MACOSX_DEPLOYMENT_TARGET = 10.9;
				ONLY_ACTIVE_ARCH = NO;
				SDKROOT = macosx;
				STRIP_INSTALLED_PRODUCT = NO;
			};
			name = Debug;
		};
		13C970BF192C13BF00CC2A9B /* Release */ = {
			isa = XCBuildConfiguration;
			buildSettings = {
				ALWAYS_SEARCH_USER_PATHS = NO;
				CLANG_CXX_LANGUAGE_STANDARD = "gnu++0x";
				CLANG_CXX_LIBRARY = "libc++";
				CLANG_ENABLE_MODULES = YES;
				CLANG_ENABLE_OBJC_ARC = NO;
				CLANG_WARN_BOOL_CONVERSION = YES;
				CLANG_WARN_CONSTANT_CONVERSION = YES;
				CLANG_WARN_DIRECT_OBJC_ISA_USAGE = YES_ERROR;
				CLANG_WARN_EMPTY_BODY = YES;
				CLANG_WARN_ENUM_CONVERSION = YES;
				CLANG_WARN_INT_CONVERSION = YES;
				CLANG_WARN_OBJC_ROOT_CLASS = YES_ERROR;
				CLANG_WARN__DUPLICATE_METHOD_MATCH = YES;
				COPY_PHASE_STRIP = NO;
				DEBUG_INFORMATION_FORMAT = dwarf;
				ENABLE_NS_ASSERTIONS = NO;
				GCC_C_LANGUAGE_STANDARD = gnu99;
				GCC_ENABLE_OBJC_EXCEPTIONS = YES;
				GCC_OPTIMIZATION_LEVEL = 0;
				GCC_WARN_64_TO_32_BIT_CONVERSION = YES;
				GCC_WARN_ABOUT_RETURN_TYPE = YES_ERROR;
				GCC_WARN_UNDECLARED_SELECTOR = YES;
				GCC_WARN_UNINITIALIZED_AUTOS = YES_AGGRESSIVE;
				GCC_WARN_UNUSED_FUNCTION = YES;
				GCC_WARN_UNUSED_VARIABLE = YES;
				MACOSX_DEPLOYMENT_TARGET = 10.9;
				ONLY_ACTIVE_ARCH = NO;
				SDKROOT = macosx;
				STRIP_INSTALLED_PRODUCT = NO;
			};
			name = Release;
		};
		13C970C1192C13BF00CC2A9B /* Debug */ = {
			isa = XCBuildConfiguration;
			buildSettings = {
				ARCHS = "$(ARCHS_STANDARD_32_64_BIT)";
				CLANG_ENABLE_OBJC_ARC = NO;
				DYLIB_COMPATIBILITY_VERSION = 1;
				DYLIB_CURRENT_VERSION = 1;
				GCC_PRECOMPILE_PREFIX_HEADER = YES;
				PRODUCT_NAME = "$(TARGET_NAME)";
				SUPPORTED_PLATFORMS = macosx;
				VALID_ARCHS = "i386 x86_64";
			};
			name = Debug;
		};
		13C970C2192C13BF00CC2A9B /* Release */ = {
			isa = XCBuildConfiguration;
			buildSettings = {
				ARCHS = "$(ARCHS_STANDARD_32_64_BIT)";
				CLANG_ENABLE_OBJC_ARC = NO;
				DYLIB_COMPATIBILITY_VERSION = 1;
				DYLIB_CURRENT_VERSION = 1;
				GCC_PRECOMPILE_PREFIX_HEADER = YES;
				PRODUCT_NAME = "$(TARGET_NAME)";
				SUPPORTED_PLATFORMS = macosx;
				VALID_ARCHS = "i386 x86_64";
			};
			name = Release;
		};
		13F911A1192CAA5000E6423F /* Debug */ = {
			isa = XCBuildConfiguration;
			buildSettings = {
				ARCHS = (
					x86_64,
					i386,
				);
				CLANG_ENABLE_OBJC_ARC = NO;
				CODE_SIGN_IDENTITY = "iPhone Developer: Richard Heard (6";
				CONFIGURATION_BUILD_DIR = "$(BUILD_DIR)/$(CONFIGURATION)";
				DEAD_CODE_STRIPPING = NO;
				DYLIB_COMPATIBILITY_VERSION = 1;
				DYLIB_CURRENT_VERSION = 1;
				GCC_PRECOMPILE_PREFIX_HEADER = YES;
				IPHONEOS_DEPLOYMENT_TARGET = 6.0;
				PRODUCT_NAME = "libBeagle-iphonesimulator";
				SDKROOT = iphoneos;
				SUPPORTED_PLATFORMS = iphonesimulator;
				TARGETED_DEVICE_FAMILY = "1,2";
				VALID_ARCHS = "i386 x86_64";
			};
			name = Debug;
		};
		13F911A2192CAA5000E6423F /* Release */ = {
			isa = XCBuildConfiguration;
			buildSettings = {
				ARCHS = (
					x86_64,
					i386,
				);
				CLANG_ENABLE_OBJC_ARC = NO;
				CODE_SIGN_IDENTITY = "iPhone Developer: Richard Heard (6";
				CONFIGURATION_BUILD_DIR = "$(BUILD_DIR)/$(CONFIGURATION)";
				DEAD_CODE_STRIPPING = NO;
				DYLIB_COMPATIBILITY_VERSION = 1;
				DYLIB_CURRENT_VERSION = 1;
				GCC_PRECOMPILE_PREFIX_HEADER = YES;
				IPHONEOS_DEPLOYMENT_TARGET = 6.0;
				PRODUCT_NAME = "libBeagle-iphonesimulator";
				SDKROOT = iphoneos;
				SUPPORTED_PLATFORMS = iphonesimulator;
				TARGETED_DEVICE_FAMILY = "1,2";
				VALID_ARCHS = "i386 x86_64";
			};
			name = Release;
		};
		13F911A6192CAAE300E6423F /* Debug */ = {
			isa = XCBuildConfiguration;
			buildSettings = {
				PRODUCT_NAME = "$(TARGET_NAME)";
			};
			name = Debug;
		};
		13F911A7192CAAE300E6423F /* Release */ = {
			isa = XCBuildConfiguration;
			buildSettings = {
				PRODUCT_NAME = "$(TARGET_NAME)";
			};
			name = Release;
		};
/* End XCBuildConfiguration section */

/* Begin XCConfigurationList section */
		13495476192CB59C00B9C569 /* Build configuration list for PBXAggregateTarget "libBeagle-ios" */ = {
			isa = XCConfigurationList;
			buildConfigurations = (
				13495477192CB59C00B9C569 /* Debug */,
				13495478192CB59C00B9C569 /* Release */,
			);
			defaultConfigurationIsVisible = 0;
			defaultConfigurationName = Release;
		};
		13C69B49192C9C870012C8D1 /* Build configuration list for PBXNativeTarget "libBeagle-iphoneos" */ = {
			isa = XCConfigurationList;
			buildConfigurations = (
				13C69B4A192C9C870012C8D1 /* Debug */,
				13C69B4B192C9C870012C8D1 /* Release */,
			);
			defaultConfigurationIsVisible = 0;
			defaultConfigurationName = Release;
		};
		13C97097192C13BF00CC2A9B /* Build configuration list for PBXProject "ObjectiveBeagle" */ = {
			isa = XCConfigurationList;
			buildConfigurations = (
				13C970BE192C13BF00CC2A9B /* Debug */,
				13C970BF192C13BF00CC2A9B /* Release */,
			);
			defaultConfigurationIsVisible = 0;
			defaultConfigurationName = Release;
		};
		13C970C0192C13BF00CC2A9B /* Build configuration list for PBXNativeTarget "libBeagle" */ = {
			isa = XCConfigurationList;
			buildConfigurations = (
				13C970C1192C13BF00CC2A9B /* Debug */,
				13C970C2192C13BF00CC2A9B /* Release */,
			);
			defaultConfigurationIsVisible = 0;
			defaultConfigurationName = Release;
		};
		13F911A0192CAA5000E6423F /* Build configuration list for PBXNativeTarget "libBeagle-iphonesimulator" */ = {
			isa = XCConfigurationList;
			buildConfigurations = (
				13F911A1192CAA5000E6423F /* Debug */,
				13F911A2192CAA5000E6423F /* Release */,
			);
			defaultConfigurationIsVisible = 0;
			defaultConfigurationName = Release;
		};
		13F911A5192CAAE300E6423F /* Build configuration list for PBXAggregateTarget "All" */ = {
			isa = XCConfigurationList;
			buildConfigurations = (
				13F911A6192CAAE300E6423F /* Debug */,
				13F911A7192CAAE300E6423F /* Release */,
			);
			defaultConfigurationIsVisible = 0;
			defaultConfigurationName = Release;
		};
/* End XCConfigurationList section */
	};
	rootObject = 13C97094192C13BF00CC2A9B /* Project object */;
}
